
Microsoft Visual Studio Solution File, Format Version 12.00
# Visual Studio 2012
Project("{8BC9CEB8-8B4A-11D0-8D11-00A0C91BC942}") = "z5.5v7", "z5.5v7\z5.5v7.vcxproj", "{8BAD4ED9-BA05-444B-97CE-31C4D10863B5}"
EndProject
Global
	GlobalSection(SolutionConfigurationPlatforms) = preSolution
		Debug|Win32 = Debug|Win32
		Release|Win32 = Release|Win32
	EndGlobalSection
	GlobalSection(ProjectConfigurationPlatforms) = postSolution
		{8BAD4ED9-BA05-444B-97CE-31C4D10863B5}.Debug|Win32.ActiveCfg = Debug|Win32
		{8BAD4ED9-BA05-444B-97CE-31C4D10863B5}.Debug|Win32.Build.0 = Debug|Win32
		{8BAD4ED9-BA05-444B-97CE-31C4D10863B5}.Release|Win32.ActiveCfg = Release|Win32
		{8BAD4ED9-BA05-444B-97CE-31C4D10863B5}.Release|Win32.Build.0 = Release|Win32
	EndGlobalSection
	GlobalSection(SolutionProperties) = preSolution
		HideSolutionNode = FALSE
	EndGlobalSection
EndGlobal
