
Microsoft Visual Studio Solution File, Format Version 12.00
# Visual Studio 2012
Project("{8BC9CEB8-8B4A-11D0-8D11-00A0C91BC942}") = "z3.5v7", "z3.5v7\z3.5v7.vcxproj", "{C4A0A219-141C-41B4-9C03-3107E7245A98}"
EndProject
Global
	GlobalSection(SolutionConfigurationPlatforms) = preSolution
		Debug|Win32 = Debug|Win32
		Release|Win32 = Release|Win32
	EndGlobalSection
	GlobalSection(ProjectConfigurationPlatforms) = postSolution
		{C4A0A219-141C-41B4-9C03-3107E7245A98}.Debug|Win32.ActiveCfg = Debug|Win32
		{C4A0A219-141C-41B4-9C03-3107E7245A98}.Debug|Win32.Build.0 = Debug|Win32
		{C4A0A219-141C-41B4-9C03-3107E7245A98}.Release|Win32.ActiveCfg = Release|Win32
		{C4A0A219-141C-41B4-9C03-3107E7245A98}.Release|Win32.Build.0 = Release|Win32
	EndGlobalSection
	GlobalSection(SolutionProperties) = preSolution
		HideSolutionNode = FALSE
	EndGlobalSection
EndGlobal
