
Microsoft Visual Studio Solution File, Format Version 12.00
# Visual Studio 2012
Project("{8BC9CEB8-8B4A-11D0-8D11-00A0C91BC942}") = "z3.6v7", "z3.6v7\z3.6v7.vcxproj", "{715B69FF-2673-4B2D-92BC-2C0B11BD426C}"
EndProject
Global
	GlobalSection(SolutionConfigurationPlatforms) = preSolution
		Debug|Win32 = Debug|Win32
		Release|Win32 = Release|Win32
	EndGlobalSection
	GlobalSection(ProjectConfigurationPlatforms) = postSolution
		{715B69FF-2673-4B2D-92BC-2C0B11BD426C}.Debug|Win32.ActiveCfg = Debug|Win32
		{715B69FF-2673-4B2D-92BC-2C0B11BD426C}.Debug|Win32.Build.0 = Debug|Win32
		{715B69FF-2673-4B2D-92BC-2C0B11BD426C}.Release|Win32.ActiveCfg = Release|Win32
		{715B69FF-2673-4B2D-92BC-2C0B11BD426C}.Release|Win32.Build.0 = Release|Win32
	EndGlobalSection
	GlobalSection(SolutionProperties) = preSolution
		HideSolutionNode = FALSE
	EndGlobalSection
EndGlobal
