
Microsoft Visual Studio Solution File, Format Version 12.00
# Visual Studio 2012
Project("{8BC9CEB8-8B4A-11D0-8D11-00A0C91BC942}") = "z4.1.1v7", "z4.1.1v7\z4.1.1v7.vcxproj", "{D123E0B0-9D23-4753-AE06-C0E4E0DB1228}"
EndProject
Global
	GlobalSection(SolutionConfigurationPlatforms) = preSolution
		Debug|Win32 = Debug|Win32
		Release|Win32 = Release|Win32
	EndGlobalSection
	GlobalSection(ProjectConfigurationPlatforms) = postSolution
		{D123E0B0-9D23-4753-AE06-C0E4E0DB1228}.Debug|Win32.ActiveCfg = Debug|Win32
		{D123E0B0-9D23-4753-AE06-C0E4E0DB1228}.Debug|Win32.Build.0 = Debug|Win32
		{D123E0B0-9D23-4753-AE06-C0E4E0DB1228}.Release|Win32.ActiveCfg = Release|Win32
		{D123E0B0-9D23-4753-AE06-C0E4E0DB1228}.Release|Win32.Build.0 = Release|Win32
	EndGlobalSection
	GlobalSection(SolutionProperties) = preSolution
		HideSolutionNode = FALSE
	EndGlobalSection
EndGlobal
